lockfileVersion: '9.0'

settings:
  autoInstallPeers: true
  excludeLinksFromLockfile: false

importers:

  .:
    dependencies:
      antora-dark-mode:
        specifier: ^1.4.5
        version: 1.4.5

packages:

  antora-dark-mode@1.4.5:
    resolution: {integrity: sha512-OcwE2EBdsyh7Zhk8xFCM6TeleSwYP8lA0EXcltB23pJL3hQgUW9rHf6pi2tg2YDKG6pB+dE1wzbnU2hhTxyg3g==}

snapshots:

  antora-dark-mode@1.4.5: {}
